
Microsoft Visual Studio Solution File, Format Version 12.00
Project("{FAE04EC0-301F-11D3-BF4B-00C04F79EFBC}") = "CalPEATS.ConsoleSandbox", "CalPEATS.ConsoleSandbox\CalPEATS.ConsoleSandbox.csproj", "{566FC898-D07D-4528-9E2F-B383D4942635}"
EndProject
Project("{FAE04EC0-301F-11D3-BF4B-00C04F79EFBC}") = "CalPEATS.EfCore.Sandbox", "CalPEATS.EfCore.Sandbox\CalPEATS.EfCore.Sandbox.csproj", "{B17CDAB4-F6B5-4670-9681-6BD111DCEB63}"
EndProject
Global
	GlobalSection(SolutionConfigurationPlatforms) = preSolution
		Debug|Any CPU = Debug|Any CPU
		Release|Any CPU = Release|Any CPU
	EndGlobalSection
	GlobalSection(ProjectConfigurationPlatforms) = postSolution
		{566FC898-D07D-4528-9E2F-B383D4942635}.Debug|Any CPU.ActiveCfg = Debug|Any CPU
		{566FC898-D07D-4528-9E2F-B383D4942635}.Debug|Any CPU.Build.0 = Debug|Any CPU
		{566FC898-D07D-4528-9E2F-B383D4942635}.Release|Any CPU.ActiveCfg = Release|Any CPU
		{566FC898-D07D-4528-9E2F-B383D4942635}.Release|Any CPU.Build.0 = Release|Any CPU
		{B17CDAB4-F6B5-4670-9681-6BD111DCEB63}.Debug|Any CPU.ActiveCfg = Debug|Any CPU
		{B17CDAB4-F6B5-4670-9681-6BD111DCEB63}.Debug|Any CPU.Build.0 = Debug|Any CPU
		{B17CDAB4-F6B5-4670-9681-6BD111DCEB63}.Release|Any CPU.ActiveCfg = Release|Any CPU
		{B17CDAB4-F6B5-4670-9681-6BD111DCEB63}.Release|Any CPU.Build.0 = Release|Any CPU
	EndGlobalSection
EndGlobal
